
Microsoft Visual Studio Solution File, Format Version 12.00
# Visual Studio Version 16
VisualStudioVersion = 16.0.29001.49
MinimumVisualStudioVersion = 10.0.40219.1
Project("{FAE04EC0-301F-11D3-BF4B-00C04F79EFBC}") = "AnkiFurigana", "AnkiFurigana\AnkiFurigana.csproj", "{2BEB0BEF-8BBE-40D8-89E8-853FD698BDF7}"
EndProject
Global
	GlobalSection(SolutionConfigurationPlatforms) = preSolution
		Debug|Any CPU = Debug|Any CPU
		Release|Any CPU = Release|Any CPU
	EndGlobalSection
	GlobalSection(ProjectConfigurationPlatforms) = postSolution
		{2BEB0BEF-8BBE-40D8-89E8-853FD698BDF7}.Debug|Any CPU.ActiveCfg = Debug|Any CPU
		{2BEB0BEF-8BBE-40D8-89E8-853FD698BDF7}.Debug|Any CPU.Build.0 = Debug|Any CPU
		{2BEB0BEF-8BBE-40D8-89E8-853FD698BDF7}.Release|Any CPU.ActiveCfg = Release|Any CPU
		{2BEB0BEF-8BBE-40D8-89E8-853FD698BDF7}.Release|Any CPU.Build.0 = Release|Any CPU
	EndGlobalSection
	GlobalSection(SolutionProperties) = preSolution
		HideSolutionNode = FALSE
	EndGlobalSection
	GlobalSection(ExtensibilityGlobals) = postSolution
		SolutionGuid = {06E87359-7DD9-4638-82E4-0CC6FFD5F97D}
	EndGlobalSection
EndGlobal
